
Microsoft Visual Studio Solution File, Format Version 12.00
# Visual Studio Version 17
VisualStudioVersion = 17.7.34024.191
MinimumVisualStudioVersion = 10.0.40219.1
Project("{FAE04EC0-301F-11D3-BF4B-00C04F79EFBC}") = "ejercicio8DI", "ejercicio8DI.csproj", "{943E2DE4-3036-4E22-8778-1BBFEACFBF82}"
EndProject
Global
	GlobalSection(SolutionConfigurationPlatforms) = preSolution
		Debug|Any CPU = Debug|Any CPU
		Release|Any CPU = Release|Any CPU
	EndGlobalSection
	GlobalSection(ProjectConfigurationPlatforms) = postSolution
		{943E2DE4-3036-4E22-8778-1BBFEACFBF82}.Debug|Any CPU.ActiveCfg = Debug|Any CPU
		{943E2DE4-3036-4E22-8778-1BBFEACFBF82}.Debug|Any CPU.Build.0 = Debug|Any CPU
		{943E2DE4-3036-4E22-8778-1BBFEACFBF82}.Release|Any CPU.ActiveCfg = Release|Any CPU
		{943E2DE4-3036-4E22-8778-1BBFEACFBF82}.Release|Any CPU.Build.0 = Release|Any CPU
	EndGlobalSection
	GlobalSection(SolutionProperties) = preSolution
		HideSolutionNode = FALSE
	EndGlobalSection
	GlobalSection(ExtensibilityGlobals) = postSolution
		SolutionGuid = {06A28580-5F4E-4B31-B96C-120BAD995824}
	EndGlobalSection
EndGlobal
